
Microsoft Visual Studio Solution File, Format Version 12.00
# Visual Studio Version 17
VisualStudioVersion = 17.0.32112.339
MinimumVisualStudioVersion = 10.0.40219.1
Project("{9A19103F-16F7-4668-BE54-9A1E7A4F7556}") = "HelloWorld", "HelloWorld\HelloWorld.csproj", "{154BBC21-5501-4F38-BAFB-8D391A963762}"
EndProject
Project("{9A19103F-16F7-4668-BE54-9A1E7A4F7556}") = "ArrayExamples", "ArrayExamples\ArrayExamples.csproj", "{D6D0A506-13FB-4B28-B745-A7617FAD7FBE}"
EndProject
Project("{9A19103F-16F7-4668-BE54-9A1E7A4F7556}") = "MySuperBank", "MySuperBank\MySuperBank.csproj", "{FAC69542-46D6-4B25-9546-6EF498DA0AD3}"
EndProject
Project("{9A19103F-16F7-4668-BE54-9A1E7A4F7556}") = "MethodExamples", "MethodExamples\MethodExamples.csproj", "{85DF64D7-957C-4093-AFF1-972B92DB5E23}"
EndProject
Project("{9A19103F-16F7-4668-BE54-9A1E7A4F7556}") = "OperatorsExamples", "OperatorsExamples\OperatorsExamples.csproj", "{A82D1B0D-2F0B-45B1-B488-E57C7C2D7DEB}"
EndProject
Project("{9A19103F-16F7-4668-BE54-9A1E7A4F7556}") = "InputOutputProcessing", "InputOutputProcessing\InputOutputProcessing.csproj", "{8568AF7C-AA80-49F7-9F1F-83E35BED03D6}"
EndProject
Project("{9A19103F-16F7-4668-BE54-9A1E7A4F7556}") = "OOP_1", "OOP_1\OOP_1.csproj", "{37D09EB4-0C2F-43C4-AF98-30E9B3F175E5}"
EndProject
Project("{9A19103F-16F7-4668-BE54-9A1E7A4F7556}") = "PracticeNameSpace", "PracticeNameSpace\PracticeNameSpace.csproj", "{590D8040-00A9-4E0A-B699-25ED57668DE3}"
EndProject
Project("{9A19103F-16F7-4668-BE54-9A1E7A4F7556}") = "TestOOP", "TestOOP\TestOOP.csproj", "{061F5706-B340-4F65-933C-3F1145EEAAE5}"
EndProject
Project("{9A19103F-16F7-4668-BE54-9A1E7A4F7556}") = "OOP_Finalizer", "OOP_Finalizer\OOP_Finalizer.csproj", "{04D843CC-D6F5-4103-A20A-CC141904A12A}"
EndProject
Project("{9A19103F-16F7-4668-BE54-9A1E7A4F7556}") = "Static_Class", "Static_Class\Static_Class.csproj", "{63E03A9A-874E-4955-B176-226B141D9C76}"
EndProject
Project("{9A19103F-16F7-4668-BE54-9A1E7A4F7556}") = "AbstractClass", "AbstractClass\AbstractClass.csproj", "{FA2FE1A1-2C24-472D-A134-6F5201E6BC96}"
EndProject
Project("{9A19103F-16F7-4668-BE54-9A1E7A4F7556}") = "InheritanceFeature", "InheritanceFeature\InheritanceFeature.csproj", "{1D5B1C07-FE20-47EF-B1B1-CBEDFFA7EA51}"
EndProject
Project("{9A19103F-16F7-4668-BE54-9A1E7A4F7556}") = "PartialClass", "PartialClass\PartialClass.csproj", "{336475CC-4A58-4ACD-8D65-5ED0C2DB3471}"
EndProject
Project("{9A19103F-16F7-4668-BE54-9A1E7A4F7556}") = "Structure_or_struct", "Structure_or_struct\Structure_or_struct.csproj", "{8A2FE3DE-3F12-4F1C-9474-C11837318168}"
EndProject
Project("{9A19103F-16F7-4668-BE54-9A1E7A4F7556}") = "OperatorOverloading", "OperatorOverloading\OperatorOverloading.csproj", "{B292E723-BF4A-4632-8449-A66FDA3D64D2}"
EndProject
Project("{9A19103F-16F7-4668-BE54-9A1E7A4F7556}") = "EnumExamples", "EnumExamples\EnumExamples.csproj", "{5F907687-6FB2-4C2A-8662-03D5A2EECE78}"
EndProject
Project("{FAE04EC0-301F-11D3-BF4B-00C04F79EFBC}") = "DateTimeConvert", "DateTimeConvert\DateTimeConvert.csproj", "{774A7495-F5F2-4237-92DB-CDA7AB25EEEC}"
EndProject
Global
	GlobalSection(SolutionConfigurationPlatforms) = preSolution
		Debug|Any CPU = Debug|Any CPU
		Release|Any CPU = Release|Any CPU
	EndGlobalSection
	GlobalSection(ProjectConfigurationPlatforms) = postSolution
		{154BBC21-5501-4F38-BAFB-8D391A963762}.Debug|Any CPU.ActiveCfg = Debug|Any CPU
		{154BBC21-5501-4F38-BAFB-8D391A963762}.Debug|Any CPU.Build.0 = Debug|Any CPU
		{154BBC21-5501-4F38-BAFB-8D391A963762}.Release|Any CPU.ActiveCfg = Release|Any CPU
		{154BBC21-5501-4F38-BAFB-8D391A963762}.Release|Any CPU.Build.0 = Release|Any CPU
		{D6D0A506-13FB-4B28-B745-A7617FAD7FBE}.Debug|Any CPU.ActiveCfg = Debug|Any CPU
		{D6D0A506-13FB-4B28-B745-A7617FAD7FBE}.Debug|Any CPU.Build.0 = Debug|Any CPU
		{D6D0A506-13FB-4B28-B745-A7617FAD7FBE}.Release|Any CPU.ActiveCfg = Release|Any CPU
		{D6D0A506-13FB-4B28-B745-A7617FAD7FBE}.Release|Any CPU.Build.0 = Release|Any CPU
		{FAC69542-46D6-4B25-9546-6EF498DA0AD3}.Debug|Any CPU.ActiveCfg = Debug|Any CPU
		{FAC69542-46D6-4B25-9546-6EF498DA0AD3}.Debug|Any CPU.Build.0 = Debug|Any CPU
		{FAC69542-46D6-4B25-9546-6EF498DA0AD3}.Release|Any CPU.ActiveCfg = Release|Any CPU
		{FAC69542-46D6-4B25-9546-6EF498DA0AD3}.Release|Any CPU.Build.0 = Release|Any CPU
		{85DF64D7-957C-4093-AFF1-972B92DB5E23}.Debug|Any CPU.ActiveCfg = Debug|Any CPU
		{85DF64D7-957C-4093-AFF1-972B92DB5E23}.Debug|Any CPU.Build.0 = Debug|Any CPU
		{85DF64D7-957C-4093-AFF1-972B92DB5E23}.Release|Any CPU.ActiveCfg = Release|Any CPU
		{85DF64D7-957C-4093-AFF1-972B92DB5E23}.Release|Any CPU.Build.0 = Release|Any CPU
		{A82D1B0D-2F0B-45B1-B488-E57C7C2D7DEB}.Debug|Any CPU.ActiveCfg = Debug|Any CPU
		{A82D1B0D-2F0B-45B1-B488-E57C7C2D7DEB}.Debug|Any CPU.Build.0 = Debug|Any CPU
		{A82D1B0D-2F0B-45B1-B488-E57C7C2D7DEB}.Release|Any CPU.ActiveCfg = Release|Any CPU
		{A82D1B0D-2F0B-45B1-B488-E57C7C2D7DEB}.Release|Any CPU.Build.0 = Release|Any CPU
		{8568AF7C-AA80-49F7-9F1F-83E35BED03D6}.Debug|Any CPU.ActiveCfg = Debug|Any CPU
		{8568AF7C-AA80-49F7-9F1F-83E35BED03D6}.Debug|Any CPU.Build.0 = Debug|Any CPU
		{8568AF7C-AA80-49F7-9F1F-83E35BED03D6}.Release|Any CPU.ActiveCfg = Release|Any CPU
		{8568AF7C-AA80-49F7-9F1F-83E35BED03D6}.Release|Any CPU.Build.0 = Release|Any CPU
		{37D09EB4-0C2F-43C4-AF98-30E9B3F175E5}.Debug|Any CPU.ActiveCfg = Debug|Any CPU
		{37D09EB4-0C2F-43C4-AF98-30E9B3F175E5}.Debug|Any CPU.Build.0 = Debug|Any CPU
		{37D09EB4-0C2F-43C4-AF98-30E9B3F175E5}.Release|Any CPU.ActiveCfg = Release|Any CPU
		{37D09EB4-0C2F-43C4-AF98-30E9B3F175E5}.Release|Any CPU.Build.0 = Release|Any CPU
		{590D8040-00A9-4E0A-B699-25ED57668DE3}.Debug|Any CPU.ActiveCfg = Debug|Any CPU
		{590D8040-00A9-4E0A-B699-25ED57668DE3}.Debug|Any CPU.Build.0 = Debug|Any CPU
		{590D8040-00A9-4E0A-B699-25ED57668DE3}.Release|Any CPU.ActiveCfg = Release|Any CPU
		{590D8040-00A9-4E0A-B699-25ED57668DE3}.Release|Any CPU.Build.0 = Release|Any CPU
		{061F5706-B340-4F65-933C-3F1145EEAAE5}.Debug|Any CPU.ActiveCfg = Debug|Any CPU
		{061F5706-B340-4F65-933C-3F1145EEAAE5}.Debug|Any CPU.Build.0 = Debug|Any CPU
		{061F5706-B340-4F65-933C-3F1145EEAAE5}.Release|Any CPU.ActiveCfg = Release|Any CPU
		{061F5706-B340-4F65-933C-3F1145EEAAE5}.Release|Any CPU.Build.0 = Release|Any CPU
		{04D843CC-D6F5-4103-A20A-CC141904A12A}.Debug|Any CPU.ActiveCfg = Debug|Any CPU
		{04D843CC-D6F5-4103-A20A-CC141904A12A}.Debug|Any CPU.Build.0 = Debug|Any CPU
		{04D843CC-D6F5-4103-A20A-CC141904A12A}.Release|Any CPU.ActiveCfg = Release|Any CPU
		{04D843CC-D6F5-4103-A20A-CC141904A12A}.Release|Any CPU.Build.0 = Release|Any CPU
		{63E03A9A-874E-4955-B176-226B141D9C76}.Debug|Any CPU.ActiveCfg = Debug|Any CPU
		{63E03A9A-874E-4955-B176-226B141D9C76}.Debug|Any CPU.Build.0 = Debug|Any CPU
		{63E03A9A-874E-4955-B176-226B141D9C76}.Release|Any CPU.ActiveCfg = Release|Any CPU
		{63E03A9A-874E-4955-B176-226B141D9C76}.Release|Any CPU.Build.0 = Release|Any CPU
		{FA2FE1A1-2C24-472D-A134-6F5201E6BC96}.Debug|Any CPU.ActiveCfg = Debug|Any CPU
		{FA2FE1A1-2C24-472D-A134-6F5201E6BC96}.Debug|Any CPU.Build.0 = Debug|Any CPU
		{FA2FE1A1-2C24-472D-A134-6F5201E6BC96}.Release|Any CPU.ActiveCfg = Release|Any CPU
		{FA2FE1A1-2C24-472D-A134-6F5201E6BC96}.Release|Any CPU.Build.0 = Release|Any CPU
		{1D5B1C07-FE20-47EF-B1B1-CBEDFFA7EA51}.Debug|Any CPU.ActiveCfg = Debug|Any CPU
		{1D5B1C07-FE20-47EF-B1B1-CBEDFFA7EA51}.Debug|Any CPU.Build.0 = Debug|Any CPU
		{1D5B1C07-FE20-47EF-B1B1-CBEDFFA7EA51}.Release|Any CPU.ActiveCfg = Release|Any CPU
		{1D5B1C07-FE20-47EF-B1B1-CBEDFFA7EA51}.Release|Any CPU.Build.0 = Release|Any CPU
		{336475CC-4A58-4ACD-8D65-5ED0C2DB3471}.Debug|Any CPU.ActiveCfg = Debug|Any CPU
		{336475CC-4A58-4ACD-8D65-5ED0C2DB3471}.Debug|Any CPU.Build.0 = Debug|Any CPU
		{336475CC-4A58-4ACD-8D65-5ED0C2DB3471}.Release|Any CPU.ActiveCfg = Release|Any CPU
		{336475CC-4A58-4ACD-8D65-5ED0C2DB3471}.Release|Any CPU.Build.0 = Release|Any CPU
		{8A2FE3DE-3F12-4F1C-9474-C11837318168}.Debug|Any CPU.ActiveCfg = Debug|Any CPU
		{8A2FE3DE-3F12-4F1C-9474-C11837318168}.Debug|Any CPU.Build.0 = Debug|Any CPU
		{8A2FE3DE-3F12-4F1C-9474-C11837318168}.Release|Any CPU.ActiveCfg = Release|Any CPU
		{8A2FE3DE-3F12-4F1C-9474-C11837318168}.Release|Any CPU.Build.0 = Release|Any CPU
		{B292E723-BF4A-4632-8449-A66FDA3D64D2}.Debug|Any CPU.ActiveCfg = Debug|Any CPU
		{B292E723-BF4A-4632-8449-A66FDA3D64D2}.Debug|Any CPU.Build.0 = Debug|Any CPU
		{B292E723-BF4A-4632-8449-A66FDA3D64D2}.Release|Any CPU.ActiveCfg = Release|Any CPU
		{B292E723-BF4A-4632-8449-A66FDA3D64D2}.Release|Any CPU.Build.0 = Release|Any CPU
		{5F907687-6FB2-4C2A-8662-03D5A2EECE78}.Debug|Any CPU.ActiveCfg = Debug|Any CPU
		{5F907687-6FB2-4C2A-8662-03D5A2EECE78}.Debug|Any CPU.Build.0 = Debug|Any CPU
		{5F907687-6FB2-4C2A-8662-03D5A2EECE78}.Release|Any CPU.ActiveCfg = Release|Any CPU
		{5F907687-6FB2-4C2A-8662-03D5A2EECE78}.Release|Any CPU.Build.0 = Release|Any CPU
		{774A7495-F5F2-4237-92DB-CDA7AB25EEEC}.Debug|Any CPU.ActiveCfg = Debug|Any CPU
		{774A7495-F5F2-4237-92DB-CDA7AB25EEEC}.Debug|Any CPU.Build.0 = Debug|Any CPU
		{774A7495-F5F2-4237-92DB-CDA7AB25EEEC}.Release|Any CPU.ActiveCfg = Release|Any CPU
		{774A7495-F5F2-4237-92DB-CDA7AB25EEEC}.Release|Any CPU.Build.0 = Release|Any CPU
	EndGlobalSection
	GlobalSection(SolutionProperties) = preSolution
		HideSolutionNode = FALSE
	EndGlobalSection
	GlobalSection(ExtensibilityGlobals) = postSolution
		SolutionGuid = {58782E54-C4CC-4760-A8A0-519992253236}
	EndGlobalSection
EndGlobal
